Microsoft Visual Studio Solution File, Format Version 12.00
# Visual Studio Version 16
VisualStudioVersion = 16.0.36602.28
MinimumVisualStudioVersion = 10.0.40219.1
Project("{FAE04EC0-301F-11D3-BF4B-00C04F79EFBC}") = "Indusoft.TM.COM.Service", "Indusoft.TM.COM.Service.csproj", "{55719EAD-0FE6-46E8-B38A-A484DA883174}"
EndProject
Global
	GlobalSection(SolutionConfigurationPlatforms) = preSolution
		Debug|Any CPU = Debug|Any CPU
		Debug|x64 = Debug|x64
		Release|Any CPU = Release|Any CPU
		Release|x64 = Release|x64
	EndGlobalSection
	GlobalSection(ProjectConfigurationPlatforms) = postSolution
		{55719EAD-0FE6-46E8-B38A-A484DA883174}.Debug|Any CPU.ActiveCfg = Debug|Any CPU
		{55719EAD-0FE6-46E8-B38A-A484DA883174}.Debug|Any CPU.Build.0 = Debug|Any CPU
		{55719EAD-0FE6-46E8-B38A-A484DA883174}.Debug|x64.ActiveCfg = Debug|x64
		{55719EAD-0FE6-46E8-B38A-A484DA883174}.Debug|x64.Build.0 = Debug|x64
		{55719EAD-0FE6-46E8-B38A-A484DA883174}.Release|Any CPU.ActiveCfg = Release|Any CPU
		{55719EAD-0FE6-46E8-B38A-A484DA883174}.Release|Any CPU.Build.0 = Release|Any CPU
		{55719EAD-0FE6-46E8-B38A-A484DA883174}.Release|x64.ActiveCfg = Release|x64
		{55719EAD-0FE6-46E8-B38A-A484DA883174}.Release|x64.Build.0 = Release|x64
	EndGlobalSection
	GlobalSection(SolutionProperties) = preSolution
		HideSolutionNode = FALSE
	EndGlobalSection
	GlobalSection(ExtensibilityGlobals) = postSolution
		SolutionGuid = {7E5948C3-706D-4EA2-B2B1-5AA3A8263CE7}
	EndGlobalSection
EndGlobal
